
Microsoft Visual Studio Solution File, Format Version 12.00
# Visual Studio Version 17
VisualStudioVersion = 17.9.34701.34
MinimumVisualStudioVersion = 10.0.40219.1
Project("{FAE04EC0-301F-11D3-BF4B-00C04F79EFBC}") = "Backend", "Backend\Backend.csproj", "{69BA61A6-2318-4CF0-888D-F7A75CE88D5C}"
EndProject
Global
	GlobalSection(SolutionConfigurationPlatforms) = preSolution
		Debug|Any CPU = Debug|Any CPU
		Release|Any CPU = Release|Any CPU
	EndGlobalSection
	GlobalSection(ProjectConfigurationPlatforms) = postSolution
		{69BA61A6-2318-4CF0-888D-F7A75CE88D5C}.Debug|Any CPU.ActiveCfg = Debug|Any CPU
		{69BA61A6-2318-4CF0-888D-F7A75CE88D5C}.Debug|Any CPU.Build.0 = Debug|Any CPU
		{69BA61A6-2318-4CF0-888D-F7A75CE88D5C}.Release|Any CPU.ActiveCfg = Release|Any CPU
		{69BA61A6-2318-4CF0-888D-F7A75CE88D5C}.Release|Any CPU.Build.0 = Release|Any CPU
	EndGlobalSection
	GlobalSection(SolutionProperties) = preSolution
		HideSolutionNode = FALSE
	EndGlobalSection
	GlobalSection(ExtensibilityGlobals) = postSolution
		SolutionGuid = {C6C022C1-5D31-468A-AFF7-402CB5565368}
	EndGlobalSection
EndGlobal
